// !$*UTF8*$!
{
	archiveVersion = 1;
	classes = {
	};
	objectVersion = 46;
	objects = {

/* Begin PBXAggregateTarget section */
		010ED9971C7FA7EC0045DBE1 /* Framework */ = {
			isa = PBXAggregateTarget;
			buildConfigurationList = 010ED9981C7FA7EC0045DBE1 /* Build configuration list for PBXAggregateTarget "Framework" */;
			buildPhases = (
				010ED99B1C7FC4310045DBE1 /* Framework */,
			);
			dependencies = (
				010ED99E1C7FC6380045DBE1 /* PBXTargetDependency */,
			);
			name = Framework;
			productName = Framework;
		};
/* End PBXAggregateTarget section */

/* Begin PBXBuildFile section */
		010ED98F1C7FA6E30045DBE1 /* TestingCarthage.h in CopyFiles */ = {isa = PBXBuildFile; fileRef = 010ED98E1C7FA6E30045DBE1 /* TestingCarthage.h */; };
		010ED9911C7FA6E30045DBE1 /* TestingCarthage.m in Sources */ = {isa = PBXBuildFile; fileRef = 010ED9901C7FA6E30045DBE1 /* TestingCarthage.m */; };
/* End PBXBuildFile section */

/* Begin PBXContainerItemProxy section */
		010ED99D1C7FC6380045DBE1 /* PBXContainerItemProxy */ = {
			isa = PBXContainerItemProxy;
			containerPortal = 010ED9831C7FA6E20045DBE1 /* Project object */;
			proxyType = 1;
			remoteGlobalIDString = 010ED98A1C7FA6E30045DBE1;
			remoteInfo = TestingCarthage;
		};
/* End PBXContainerItemProxy section */

/* Begin PBXCopyFilesBuildPhase section */
		010ED9891C7FA6E30045DBE1 /* CopyFiles */ = {
			isa = PBXCopyFilesBuildPhase;
			buildActionMask = 2147483647;
			dstPath = "include/$(PRODUCT_NAME)";
			dstSubfolderSpec = 16;
			files = (
				010ED98F1C7FA6E30045DBE1 /* TestingCarthage.h in CopyFiles */,
			);
			runOnlyForDeploymentPostprocessing = 0;
		};
/* End PBXCopyFilesBuildPhase section */

/* Begin PBXFileReference section */
		010ED98B1C7FA6E30045DBE1 /* libTestingCarthage.a */ = {isa = PBXFileReference; explicitFileType = archive.ar; includeInIndex = 0; path = libTestingCarthage.a; sourceTree = BUILT_PRODUCTS_DIR; };
		010ED98E1C7FA6E30045DBE1 /* TestingCarthage.h */ = {isa = PBXFileReference; lastKnownFileType = sourcecode.c.h; path = TestingCarthage.h; sourceTree = "<group>"; };
		010ED9901C7FA6E30045DBE1 /* TestingCarthage.m */ = {isa = PBXFileReference; lastKnownFileType = sourcecode.c.objc; path = TestingCarthage.m; sourceTree = "<group>"; };
/* End PBXFileReference section */

/* Begin PBXFrameworksBuildPhase section */
		010ED9881C7FA6E30045DBE1 /* Frameworks */ = {
			isa = PBXFrameworksBuildPhase;
			buildActionMask = 2147483647;
			files = (
			);
			runOnlyForDeploymentPostprocessing = 0;
		};
/* End PBXFrameworksBuildPhase section */

/* Begin PBXGroup section */
		010ED9821C7FA6E20045DBE1 = {
			isa = PBXGroup;
			children = (
				010ED98D1C7FA6E30045DBE1 /* TestingCarthage */,
				010ED98C1C7FA6E30045DBE1 /* Products */,
			);
			sourceTree = "<group>";
		};
		010ED98C1C7FA6E30045DBE1 /* Products */ = {
			isa = PBXGroup;
			children = (
				010ED98B1C7FA6E30045DBE1 /* libTestingCarthage.a */,
			);
			name = Products;
			sourceTree = "<group>";
		};
		010ED98D1C7FA6E30045DBE1 /* TestingCarthage */ = {
			isa = PBXGroup;
			children = (
				010ED98E1C7FA6E30045DBE1 /* TestingCarthage.h */,
				010ED9901C7FA6E30045DBE1 /* TestingCarthage.m */,
			);
			path = TestingCarthage;
			sourceTree = "<group>";
		};
/* End PBXGroup section */

/* Begin PBXNativeTarget section */
		010ED98A1C7FA6E30045DBE1 /* TestingCarthage */ = {
			isa = PBXNativeTarget;
			buildConfigurationList = 010ED9941C7FA6E30045DBE1 /* Build configuration list for PBXNativeTarget "TestingCarthage" */;
			buildPhases = (
				010ED9871C7FA6E30045DBE1 /* Sources */,
				010ED9881C7FA6E30045DBE1 /* Frameworks */,
				010ED9891C7FA6E30045DBE1 /* CopyFiles */,
				010ED99C1C7FC4550045DBE1 /* Prepare framework */,
			);
			buildRules = (
			);
			dependencies = (
			);
			name = TestingCarthage;
			productName = TestingCarthage;
			productReference = 010ED98B1C7FA6E30045DBE1 /* libTestingCarthage.a */;
			productType = "com.apple.product-type.library.static";
		};
/* End PBXNativeTarget section */

/* Begin PBXProject section */
		010ED9831C7FA6E20045DBE1 /* Project object */ = {
			isa = PBXProject;
			attributes = {
				LastUpgradeCheck = 0720;
				ORGANIZATIONNAME = "Adriana Pineda";
				TargetAttributes = {
					010ED98A1C7FA6E30045DBE1 = {
						CreatedOnToolsVersion = 7.2;
					};
					010ED9971C7FA7EC0045DBE1 = {
						CreatedOnToolsVersion = 7.2;
					};
				};
			};
			buildConfigurationList = 010ED9861C7FA6E20045DBE1 /* Build configuration list for PBXProject "TestingCarthage" */;
			compatibilityVersion = "Xcode 3.2";
			developmentRegion = English;
			hasScannedForEncodings = 0;
			knownRegions = (
				en,
			);
			mainGroup = 010ED9821C7FA6E20045DBE1;
			productRefGroup = 010ED98C1C7FA6E30045DBE1 /* Products */;
			projectDirPath = "";
			projectRoot = "";
			targets = (
				010ED98A1C7FA6E30045DBE1 /* TestingCarthage */,
				010ED9971C7FA7EC0045DBE1 /* Framework */,
			);
		};
/* End PBXProject section */

/* Begin PBXShellScriptBuildPhase section */
		010ED99B1C7FC4310045DBE1 /* Framework */ = {
			isa = PBXShellScriptBuildPhase;
			buildActionMask = 2147483647;
			files = (
			);
			inputPaths = (
			);
			name = Framework;
			outputPaths = (
			);
			runOnlyForDeploymentPostprocessing = 0;
			shellPath = /bin/sh;
			shellScript = "set -e\nset +u\n\n# Avoid recursively calling this script.\nif [[ $AOT_MASTER_SCRIPT_RUNNING ]]; then\nexit 0\nfi\n\nset -u\nexport AOT_MASTER_SCRIPT_RUNNING=1\n\nAOT_TARGET_NAME=${PROJECT_NAME}\nAOT_EXECUTABLE_PATH=\"lib${AOT_TARGET_NAME}.a\"\nAOT_WRAPPER_NAME=\"${AOT_TARGET_NAME}.framework\"\nAOT_FRAMEWORK_LOCATION=\"${BUILT_PRODUCTS_DIR}/${AOT_TARGET_NAME}.framework\"\n\n# 1 - Extract the platform (iphoneos/iphonesimulator) from the SDK name\necho \"1. Extract the platform\"\nif [[ \"$SDK_NAME\" =~ ([A-Za-z]+) ]]; then\nAOT_SDK_PLATFORM=${BASH_REMATCH[1]}\nelse\necho \"Could not find platform name from SDK_NAME: $SDK_NAME\"\nexit 1\nfi\n\n# 2 - Extract the version from the SDK\necho \"2. Extract the version from the SDK\"\nif [[ \"$SDK_NAME\" =~ ([0-9]+.*$) ]]; then\nAOT_SDK_VERSION=${BASH_REMATCH[1]}\nelse\necho \"Could not find sdk version from SDK_NAME: $SDK_NAME\"\nexit 1\nfi\n\n# 3 - Determine the other platform\necho \"3. Determine the other platform\"\nif [[ \"$AOT_SDK_PLATFORM\" = \"iphoneos\" ]]; then\nAOT_OTHER_PLATFORM=iphonesimulator\nelse\nAOT_OTHER_PLATFORM=iphoneos\nfi\n\n# 4 - Find the build directory\necho \"4. Find the build directory\"\nif [[ \"$BUILT_PRODUCTS_DIR\" =~ (.*)$AOT_SDK_PLATFORM$ ]]; then\nAOT_OTHER_BUILT_PRODUCTS_DIR=\"${BASH_REMATCH[1]}${AOT_OTHER_PLATFORM}\"\nelse\necho \"Could not find platform name from build products directory: $BUILT_PRODUCTS_DIR\"\nexit 1\nfi\n\n# Build the other platform.\nxcrun xcodebuild -project \"${PROJECT_FILE_PATH}\" -target \"${TARGET_NAME}\" -configuration \"${CONFIGURATION}\" -sdk ${AOT_OTHER_PLATFORM}${AOT_SDK_VERSION} ONLY_ACTIVE_ARCH=NO BUILD_DIR=\"${BUILD_DIR}\" OBJROOT=\"${OBJROOT}\" BUILD_ROOT=\"${BUILD_ROOT}\" SYMROOT=\"${SYMROOT}\" $ACTION\n\n# Smash the two static libraries into one fat binary and store it in the .framework\nxcrun lipo -create \"${BUILT_PRODUCTS_DIR}/${AOT_EXECUTABLE_PATH}\" \"${AOT_OTHER_BUILT_PRODUCTS_DIR}/${AOT_EXECUTABLE_PATH}\" -output \"${BUILT_PRODUCTS_DIR}/${AOT_WRAPPER_NAME}/Versions/A/${AOT_TARGET_NAME}\"\n\n# Copy the binary to the other architecture folder to have a complete framework in both.\ncp -a \"${BUILT_PRODUCTS_DIR}/${AOT_WRAPPER_NAME}/Versions/A/${AOT_TARGET_NAME}\" \"${AOT_OTHER_BUILT_PRODUCTS_DIR}/${AOT_WRAPPER_NAME}/Versions/A/${AOT_TARGET_NAME}\"\n\n# Copy the framework to the user's desktop\nditto \"${AOT_FRAMEWORK_LOCATION}\" \"${HOME}/Desktop/${AOT_WRAPPER_NAME}\"";
		};
		010ED99C1C7FC4550045DBE1 /* Prepare framework */ = {
			isa = PBXShellScriptBuildPhase;
			buildActionMask = 2147483647;
			files = (
			);
			inputPaths = (
			);
			name = "Prepare framework";
			outputPaths = (
			);
			runOnlyForDeploymentPostprocessing = 0;
			shellPath = /bin/sh;
			shellScript = "set -e\n\nmkdir -p \"${BUILT_PRODUCTS_DIR}/${PRODUCT_NAME}.framework/Versions/A/Headers\"\n\n# Link the \"Current\" version to \"A\"\n/bin/ln -sfh A \"${BUILT_PRODUCTS_DIR}/${PRODUCT_NAME}.framework/Versions/Current\"\n/bin/ln -sfh Versions/Current/Headers \"${BUILT_PRODUCTS_DIR}/${PRODUCT_NAME}.framework/Headers\"\n/bin/ln -sfh \"Versions/Current/${PRODUCT_NAME}\" \"${BUILT_PRODUCTS_DIR}/${PRODUCT_NAME}.framework/${PRODUCT_NAME}\"\n\n# The -a ensures that the headers maintain the source modification date so that we don't constantly\n# cause propagating rebuilds of files that import these headers.\n/bin/cp -a \"${TARGET_BUILD_DIR}/${PUBLIC_HEADERS_FOLDER_PATH}/\" \"${BUILT_PRODUCTS_DIR}/${PRODUCT_NAME}.framework/Versions/A/Headers\"";
		};
/* End PBXShellScriptBuildPhase section */

/* Begin PBXSourcesBuildPhase section */
		010ED9871C7FA6E30045DBE1 /* Sources */ = {
			isa = PBXSourcesBuildPhase;
			buildActionMask = 2147483647;
			files = (
				010ED9911C7FA6E30045DBE1 /* TestingCarthage.m in Sources */,
			);
			runOnlyForDeploymentPostprocessing = 0;
		};
/* End PBXSourcesBuildPhase section */

/* Begin PBXTargetDependency section */
		010ED99E1C7FC6380045DBE1 /* PBXTargetDependency */ = {
			isa = PBXTargetDependency;
			target = 010ED98A1C7FA6E30045DBE1 /* TestingCarthage */;
			targetProxy = 010ED99D1C7FC6380045DBE1 /* PBXContainerItemProxy */;
		};
/* End PBXTargetDependency section */

/* Begin XCBuildConfiguration section */
		010ED9921C7FA6E30045DBE1 /* Debug */ = {
			isa = XCBuildConfiguration;
			buildSettings = {
				ALWAYS_SEARCH_USER_PATHS = NO;
				CLANG_CXX_LANGUAGE_STANDARD = "gnu++0x";
				CLANG_CXX_LIBRARY = "libc++";
				CLANG_ENABLE_MODULES = YES;
				CLANG_ENABLE_OBJC_ARC = YES;
				CLANG_WARN_BOOL_CONVERSION = YES;
				CLANG_WARN_CONSTANT_CONVERSION = YES;
				CLANG_WARN_DIRECT_OBJC_ISA_USAGE = YES_ERROR;
				CLANG_WARN_EMPTY_BODY = YES;
				CLANG_WARN_ENUM_CONVERSION = YES;
				CLANG_WARN_INT_CONVERSION = YES;
				CLANG_WARN_OBJC_ROOT_CLASS = YES_ERROR;
				CLANG_WARN_UNREACHABLE_CODE = YES;
				CLANG_WARN__DUPLICATE_METHOD_MATCH = YES;
				"CODE_SIGN_IDENTITY[sdk=iphoneos*]" = "iPhone Developer";
				COPY_PHASE_STRIP = NO;
				DEBUG_INFORMATION_FORMAT = dwarf;
				ENABLE_STRICT_OBJC_MSGSEND = YES;
				ENABLE_TESTABILITY = YES;
				GCC_C_LANGUAGE_STANDARD = gnu99;
				GCC_DYNAMIC_NO_PIC = NO;
				GCC_NO_COMMON_BLOCKS = YES;
				GCC_OPTIMIZATION_LEVEL = 0;
				GCC_PREPROCESSOR_DEFINITIONS = (
					"DEBUG=1",
					"$(inherited)",
				);
				GCC_WARN_64_TO_32_BIT_CONVERSION = YES;
				GCC_WARN_ABOUT_RETURN_TYPE = YES_ERROR;
				GCC_WARN_UNDECLARED_SELECTOR = YES;
				GCC_WARN_UNINITIALIZED_AUTOS = YES_AGGRESSIVE;
				GCC_WARN_UNUSED_FUNCTION = YES;
				GCC_WARN_UNUSED_VARIABLE = YES;
				IPHONEOS_DEPLOYMENT_TARGET = 9.2;
				MTL_ENABLE_DEBUG_INFO = YES;
				ONLY_ACTIVE_ARCH = NO;
				SDKROOT = iphoneos;
			};
			name = Debug;
		};
		010ED9931C7FA6E30045DBE1 /* Release */ = {
			isa = XCBuildConfiguration;
			buildSettings = {
				ALWAYS_SEARCH_USER_PATHS = NO;
				CLANG_CXX_LANGUAGE_STANDARD = "gnu++0x";
				CLANG_CXX_LIBRARY = "libc++";
				CLANG_ENABLE_MODULES = YES;
				CLANG_ENABLE_OBJC_ARC = YES;
				CLANG_WARN_BOOL_CONVERSION = YES;
				CLANG_WARN_CONSTANT_CONVERSION = YES;
				CLANG_WARN_DIRECT_OBJC_ISA_USAGE = YES_ERROR;
				CLANG_WARN_EMPTY_BODY = YES;
				CLANG_WARN_ENUM_CONVERSION = YES;
				CLANG_WARN_INT_CONVERSION = YES;
				CLANG_WARN_OBJC_ROOT_CLASS = YES_ERROR;
				CLANG_WARN_UNREACHABLE_CODE = YES;
				CLANG_WARN__DUPLICATE_METHOD_MATCH = YES;
				"CODE_SIGN_IDENTITY[sdk=iphoneos*]" = "iPhone Developer";
				COPY_PHASE_STRIP = NO;
				DEBUG_INFORMATION_FORMAT = "dwarf-with-dsym";
				ENABLE_NS_ASSERTIONS = NO;
				ENABLE_STRICT_OBJC_MSGSEND = YES;
				GCC_C_LANGUAGE_STANDARD = gnu99;
				GCC_NO_COMMON_BLOCKS = YES;
				GCC_WARN_64_TO_32_BIT_CONVERSION = YES;
				GCC_WARN_ABOUT_RETURN_TYPE = YES_ERROR;
				GCC_WARN_UNDECLARED_SELECTOR = YES;
				GCC_WARN_UNINITIALIZED_AUTOS = YES_AGGRESSIVE;
				GCC_WARN_UNUSED_FUNCTION = YES;
				GCC_WARN_UNUSED_VARIABLE = YES;
				IPHONEOS_DEPLOYMENT_TARGET = 9.2;
				MTL_ENABLE_DEBUG_INFO = NO;
				ONLY_ACTIVE_ARCH = NO;
				SDKROOT = iphoneos;
				VALIDATE_PRODUCT = YES;
			};
			name = Release;
		};
		010ED9951C7FA6E30045DBE1 /* Debug */ = {
			isa = XCBuildConfiguration;
			buildSettings = {
				ARCHS = (
					"$(ARCHS_STANDARD)",
					armv7s,
				);
				DEAD_CODE_STRIPPING = NO;
				OTHER_LDFLAGS = "-ObjC";
				PRODUCT_NAME = "$(TARGET_NAME)";
				PUBLIC_HEADERS_FOLDER_PATH = include;
				SKIP_INSTALL = YES;
				STRIP_STYLE = "non-global";
			};
			name = Debug;
		};
		010ED9961C7FA6E30045DBE1 /* Release */ = {
			isa = XCBuildConfiguration;
			buildSettings = {
				ARCHS = (
					"$(ARCHS_STANDARD)",
					armv7s,
				);
				DEAD_CODE_STRIPPING = NO;
				OTHER_LDFLAGS = "-ObjC";
				PRODUCT_NAME = "$(TARGET_NAME)";
				PUBLIC_HEADERS_FOLDER_PATH = include;
				SKIP_INSTALL = YES;
				STRIP_STYLE = "non-global";
			};
			name = Release;
		};
		010ED9991C7FA7EC0045DBE1 /* Debug */ = {
			isa = XCBuildConfiguration;
			buildSettings = {
				PRODUCT_NAME = "$(TARGET_NAME)";
			};
			name = Debug;
		};
		010ED99A1C7FA7EC0045DBE1 /* Release */ = {
			isa = XCBuildConfiguration;
			buildSettings = {
				PRODUCT_NAME = "$(TARGET_NAME)";
			};
			name = Release;
		};
/* End XCBuildConfiguration section */

/* Begin XCConfigurationList section */
		010ED9861C7FA6E20045DBE1 /* Build configuration list for PBXProject "TestingCarthage" */ = {
			isa = XCConfigurationList;
			buildConfigurations = (
				010ED9921C7FA6E30045DBE1 /* Debug */,
				010ED9931C7FA6E30045DBE1 /* Release */,
			);
			defaultConfigurationIsVisible = 0;
			defaultConfigurationName = Release;
		};
		010ED9941C7FA6E30045DBE1 /* Build configuration list for PBXNativeTarget "TestingCarthage" */ = {
			isa = XCConfigurationList;
			buildConfigurations = (
				010ED9951C7FA6E30045DBE1 /* Debug */,
				010ED9961C7FA6E30045DBE1 /* Release */,
			);
			defaultConfigurationIsVisible = 0;
		};
		010ED9981C7FA7EC0045DBE1 /* Build configuration list for PBXAggregateTarget "Framework" */ = {
			isa = XCConfigurationList;
			buildConfigurations = (
				010ED9991C7FA7EC0045DBE1 /* Debug */,
				010ED99A1C7FA7EC0045DBE1 /* Release */,
			);
			defaultConfigurationIsVisible = 0;
		};
/* End XCConfigurationList section */
	};
	rootObject = 010ED9831C7FA6E20045DBE1 /* Project object */;
}
